<?xml version="1.0" encoding="utf-8"?>
<Project ToolsVersion="4.0" xmlns="http://schemas.microsoft.com/developer/msbuild/2003">
  <ItemGroup>
    <Filter Include="ソース ファイル">
      <UniqueIdentifier>{4FC737F1-C7A5-4376-A066-2A32D752A2FF}</UniqueIdentifier>
      <Extensions>cpp;c;cc;cxx;c++;cppm;ixx;def;odl;idl;hpj;bat;asm;asmx</Extensions>
    </Filter>
    <Filter Include="ヘッダー ファイル">
      <UniqueIdentifier>{93995380-89BD-4b04-88EB-625FBE52EBFB}</UniqueIdentifier>
      <Extensions>h;hh;hpp;hxx;h++;hm;inl;inc;ipp;xsd</Extensions>
    </Filter>
    <Filter Include="リソース ファイル">
      <UniqueIdentifier>{67DA6AB6-F800-4c08-8B7A-83BB121AAD01}</UniqueIdentifier>
      <Extensions>rc;ico;cur;bmp;dlg;rc2;rct;bin;rgs;gif;jpg;jpeg;jpe;resx;tiff;tif;png;wav;mfcribbon-ms</Extensions>
    </Filter>
    <Filter Include="ソース ファイル\shaders">
      <UniqueIdentifier>{a4d6dc5b-1d23-435c-9d6d-db92bf31dd1e}</UniqueIdentifier>
    </Filter>
    <Filter Include="ヘッダー ファイル\External">
      <UniqueIdentifier>{9039de10-ac2f-4209-8076-e89d0247ba5d}</UniqueIdentifier>
    </Filter>
    <Filter Include="ヘッダー ファイル\Core">
      <UniqueIdentifier>{c9d39aae-cd13-4f55-a5fc-382339d4e061}</UniqueIdentifier>
    </Filter>
    <Filter Include="ソース ファイル\Core">
      <UniqueIdentifier>{a5c4e37f-1f0d-4fdd-82fd-5b1bee427281}</UniqueIdentifier>
    </Filter>
    <Filter Include="ヘッダー ファイル\Common">
      <UniqueIdentifier>{c3535bac-4039-4289-89b7-697090f31744}</UniqueIdentifier>
    </Filter>
    <Filter Include="ソース ファイル\Common">
      <UniqueIdentifier>{a764a4e5-ce6e-4784-a9cc-9aa134d85d4b}</UniqueIdentifier>
    </Filter>
    <Filter Include="ヘッダー ファイル\PhotonMapper">
      <UniqueIdentifier>{bb904edd-f2e4-4659-8f42-37c7c180f84f}</UniqueIdentifier>
    </Filter>
    <Filter Include="ソース ファイル\PhotonMapper">
      <UniqueIdentifier>{7a2aacda-20b2-44d7-9287-ba1346c6de0a}</UniqueIdentifier>
    </Filter>
    <Filter Include="ソース ファイル\shaders\SVGF">
      <UniqueIdentifier>{91dabe60-637b-45ac-82a3-91d4492419be}</UniqueIdentifier>
    </Filter>
    <Filter Include="ソース ファイル\shaders\Sort">
      <UniqueIdentifier>{b014cac4-aefd-4bb6-bc80-ed94cd530fb7}</UniqueIdentifier>
    </Filter>
    <Filter Include="ソース ファイル\shaders\PhotonMap">
      <UniqueIdentifier>{01696b6e-e8b0-425b-aa84-18487c11b5a6}</UniqueIdentifier>
    </Filter>
    <Filter Include="ソース ファイル\shaders\Lighting">
      <UniqueIdentifier>{23fc5db8-6580-4a75-ae13-5484009f27c7}</UniqueIdentifier>
    </Filter>
    <Filter Include="ソース ファイル\shaders\ClosestHit">
      <UniqueIdentifier>{ab8b3d36-aeb3-4bf2-a334-cf6683a71358}</UniqueIdentifier>
    </Filter>
    <Filter Include="ソース ファイル\shaders\Miss">
      <UniqueIdentifier>{d5297095-dc7c-4972-bdd8-4d113cbb9f8c}</UniqueIdentifier>
    </Filter>
    <Filter Include="ソース ファイル\shaders\Raygen">
      <UniqueIdentifier>{8891e5ed-c72a-4909-a130-8e338a9fbf34}</UniqueIdentifier>
    </Filter>
  </ItemGroup>
  <ItemGroup>
    <ClCompile Include="Main.cpp">
      <Filter>ソース ファイル</Filter>
    </ClCompile>
    <ClCompile Include="..\common\src\RenderDeviceDX12.cpp">
      <Filter>ソース ファイル\Core</Filter>
    </ClCompile>
    <ClCompile Include="AccelerationStructure.cpp">
      <Filter>ソース ファイル\PhotonMapper</Filter>
    </ClCompile>
    <ClCompile Include="ComputeShader.cpp">
      <Filter>ソース ファイル\PhotonMapper</Filter>
    </ClCompile>
    <ClCompile Include="CreateBuffer.cpp">
      <Filter>ソース ファイル\PhotonMapper</Filter>
    </ClCompile>
    <ClCompile Include="Denoise.cpp">
      <Filter>ソース ファイル\PhotonMapper</Filter>
    </ClCompile>
    <ClCompile Include="DxrPhotonMapper.cpp">
      <Filter>ソース ファイル\PhotonMapper</Filter>
    </ClCompile>
    <ClCompile Include="GPUSort.cpp">
      <Filter>ソース ファイル\PhotonMapper</Filter>
    </ClCompile>
    <ClCompile Include="LoadTexture.cpp">
      <Filter>ソース ファイル\PhotonMapper</Filter>
    </ClCompile>
    <ClCompile Include="RayTraceShader.cpp">
      <Filter>ソース ファイル\PhotonMapper</Filter>
    </ClCompile>
    <ClCompile Include="SetUpRootSignature.cpp">
      <Filter>ソース ファイル\PhotonMapper</Filter>
    </ClCompile>
    <ClCompile Include="ShaderTable.cpp">
      <Filter>ソース ファイル\PhotonMapper</Filter>
    </ClCompile>
    <ClCompile Include="..\common\src\Camera.cpp">
      <Filter>ソース ファイル\Core</Filter>
    </ClCompile>
    <ClCompile Include="..\common\src\utility\Utility.cpp">
      <Filter>ソース ファイル\Common</Filter>
    </ClCompile>
    <ClCompile Include="..\common\src\utility\OBJ.cpp">
      <Filter>ソース ファイル\Common</Filter>
    </ClCompile>
  </ItemGroup>
  <ItemGroup>
    <ClInclude Include="..\common\include\d3dx12.h">
      <Filter>ヘッダー ファイル\External</Filter>
    </ClInclude>
    <ClInclude Include="resource.h">
      <Filter>ヘッダー ファイル</Filter>
    </ClInclude>
    <ClInclude Include="..\common\include\AppBase.h">
      <Filter>ヘッダー ファイル\Core</Filter>
    </ClInclude>
    <ClInclude Include="..\common\include\AppInvoker.h">
      <Filter>ヘッダー ファイル\Core</Filter>
    </ClInclude>
    <ClInclude Include="..\common\include\RenderDeviceDX12.h">
      <Filter>ヘッダー ファイル\Core</Filter>
    </ClInclude>
    <ClInclude Include="DxrPhotonMapper.h">
      <Filter>ヘッダー ファイル\PhotonMapper</Filter>
    </ClInclude>
    <ClInclude Include="..\common\include\Camera.h">
      <Filter>ヘッダー ファイル\Core</Filter>
    </ClInclude>
    <ClInclude Include="..\common\include\utility\Utility.h">
      <Filter>ヘッダー ファイル\Common</Filter>
    </ClInclude>
    <ClInclude Include="..\common\include\utility\OBJ.h">
      <Filter>ヘッダー ファイル\Common</Filter>
    </ClInclude>
  </ItemGroup>
  <ItemGroup>
    <None Include="packages.config" />
    <None Include="shaders\common.hlsli">
      <Filter>ソース ファイル\shaders</Filter>
    </None>
    <None Include="shaders\weightsUtility.hlsli">
      <Filter>ソース ファイル\shaders\SVGF</Filter>
    </None>
    <None Include="shaders\BitonicSort_Header.hlsli">
      <Filter>ソース ファイル\shaders\Sort</Filter>
    </None>
    <None Include="shaders\Grid3D_Header.hlsli">
      <Filter>ソース ファイル\shaders\PhotonMap</Filter>
    </None>
    <None Include="shaders\opticalFunction.hlsli">
      <Filter>ソース ファイル\shaders\Lighting</Filter>
    </None>
    <None Include="shaders\photonGathering.hlsli">
      <Filter>ソース ファイル\shaders\Lighting</Filter>
    </None>
  </ItemGroup>
  <ItemGroup>
    <FxCompile Include="shaders\A-trous.hlsl">
      <Filter>ソース ファイル\shaders\SVGF</Filter>
    </FxCompile>
    <FxCompile Include="shaders\computeVariance.hlsl">
      <Filter>ソース ファイル\shaders\SVGF</Filter>
    </FxCompile>
    <FxCompile Include="shaders\BitonicSort.hlsl">
      <Filter>ソース ファイル\shaders\Sort</Filter>
    </FxCompile>
    <FxCompile Include="shaders\BitonicSort_BitonicSort.hlsl">
      <Filter>ソース ファイル\shaders\Sort</Filter>
    </FxCompile>
    <FxCompile Include="shaders\BitonicSort_Transpose.hlsl">
      <Filter>ソース ファイル\shaders\Sort</Filter>
    </FxCompile>
    <FxCompile Include="shaders\Grid3D_BuildGrid.hlsl">
      <Filter>ソース ファイル\shaders\PhotonMap</Filter>
    </FxCompile>
    <FxCompile Include="shaders\Grid3D_BuildGridIndices.hlsl">
      <Filter>ソース ファイル\shaders\PhotonMap</Filter>
    </FxCompile>
    <FxCompile Include="shaders\Grid3D_ClearGridIndices.hlsl">
      <Filter>ソース ファイル\shaders\PhotonMap</Filter>
    </FxCompile>
    <FxCompile Include="shaders\Grid3D_Copy.hlsl">
      <Filter>ソース ファイル\shaders\PhotonMap</Filter>
    </FxCompile>
    <FxCompile Include="shaders\Grid3D_RearrangePhoton.hlsl">
      <Filter>ソース ファイル\shaders\PhotonMap</Filter>
    </FxCompile>
    <FxCompile Include="shaders\raygen.hlsl">
      <Filter>ソース ファイル\shaders\Raygen</Filter>
    </FxCompile>
    <FxCompile Include="shaders\closestHitFloor.hlsl">
      <Filter>ソース ファイル\shaders\ClosestHit</Filter>
    </FxCompile>
    <FxCompile Include="shaders\closestHitLight.hlsl">
      <Filter>ソース ファイル\shaders\ClosestHit</Filter>
    </FxCompile>
    <FxCompile Include="shaders\closestHitMaterial.hlsl">
      <Filter>ソース ファイル\shaders\ClosestHit</Filter>
    </FxCompile>
    <FxCompile Include="shaders\miss.hlsl">
      <Filter>ソース ファイル\shaders\Miss</Filter>
    </FxCompile>
    <FxCompile Include="shaders\closestHitMaterialWithTex.hlsl">
      <Filter>ソース ファイル\shaders\ClosestHit</Filter>
    </FxCompile>
  </ItemGroup>
  <ItemGroup>
    <ResourceCompile Include="DxrPhotonMapper.rc">
      <Filter>リソース ファイル</Filter>
    </ResourceCompile>
  </ItemGroup>
  <ItemGroup>
    <Image Include="photonMapperICON.ico">
      <Filter>リソース ファイル</Filter>
    </Image>
  </ItemGroup>
</Project>